{
  "version": 4,
  "terraform_version": "0.14.4",
  "serial": 559,
  "lineage": "ac486e94-2523-c176-94ac-15a10904fb07",
  "outputs": {
    "Grafana_URL": {
      "value": "http://34.205.85.23:3000",
      "type": "string"
    },
    "Prometheus_URL": {
      "value": "http://34.205.85.23:9090",
      "type": "string"
    },
    "alertmanager_URL": {
      "value": "http://34.205.85.23:9093",
      "type": "string"
    },
    "cadvisor_URL": {
      "value": "http://34.205.85.23:8080",
      "type": "string"
    },
    "instance_public_ip": {
      "value": "34.205.85.23",
      "type": "string"
    },
    "node-exporter_URL": {
      "value": "http://34.205.85.23:9100",
      "type": "string"
    },
    "pushgateway_URL": {
      "value": "http://34.205.85.23:9091",
      "type": "string"
    }
  },
  "resources": [
    {
      "mode": "data",
      "type": "template_file",
      "name": "script",
      "provider": "provider[\"registry.terraform.io/hashicorp/template\"]",
      "instances": [
        {
          "schema_version": 0,
          "attributes": {
            "filename": null,
            "id": "2056deb798781b0446df9bc16ce7ee0b0ab6949b6c0742f30c2a179c0d97b135",
            "rendered": "#!/bin/bash\r\nexec \u003e /home/ubuntu/logfile.log    2\u003e\u00261\r\ndate\r\nsudo apt-get update\r\nsudo apt-get upgrade -y\r\n\r\ncat \u003c\u003c 'EOF' \u003e /home/ubuntu/prometheus-compose.yml\r\nversion: '2.1'\r\n\r\nnetworks:\r\n  monitor-net:\r\n    driver: bridge\r\n\r\nvolumes:\r\n    prometheus_data: {}\r\n    grafana_data: {}\r\n\r\nservices:\r\n\r\n  prometheus:\r\n    image: prom/prometheus:v2.17.1\r\n    container_name: prometheus\r\n    volumes:\r\n      - ./prometheus:/etc/prometheus\r\n      - prometheus_data:/prometheus\r\n    command:\r\n      - '--config.file=/etc/prometheus/prometheus.yml'\r\n      - '--storage.tsdb.path=/prometheus'\r\n      - '--web.console.libraries=/etc/prometheus/console_libraries'\r\n      - '--web.console.templates=/etc/prometheus/consoles'\r\n      - '--storage.tsdb.retention.time=200h'\r\n      - '--web.enable-lifecycle'\r\n    restart: unless-stopped\r\n    ports:\r\n      - \"9090:9090\"\r\n    networks:\r\n      - monitor-net\r\n    labels:\r\n      org.label-schema.group: \"monitoring\"\r\n\r\n  alertmanager:\r\n    image: prom/alertmanager:v0.20.0\r\n    container_name: alertmanager\r\n    volumes:\r\n      - ./alertmanager:/etc/alertmanager\r\n    command:\r\n      - '--config.file=/etc/alertmanager/config.yml'\r\n      - '--storage.path=/alertmanager'\r\n    restart: unless-stopped\r\n    ports:\r\n      - \"9093:9093\"\r\n    networks:\r\n      - monitor-net\r\n    labels:\r\n      org.label-schema.group: \"monitoring\"\r\n\r\n  nodeexporter:\r\n    image: prom/node-exporter:v0.18.1\r\n    container_name: nodeexporter\r\n    volumes:\r\n      - /proc:/host/proc:ro\r\n      - /sys:/host/sys:ro\r\n      - /:/rootfs:ro\r\n    command:\r\n      - '--path.procfs=/host/proc'\r\n      - '--path.rootfs=/rootfs'\r\n      - '--path.sysfs=/host/sys'\r\n      - '--collector.filesystem.ignored-mount-points=^/(sys|proc|dev|host|etc)($$|/)'\r\n    restart: unless-stopped\r\n    ports:\r\n      - \"9100:9100\"\r\n    networks:\r\n      - monitor-net\r\n    labels:\r\n      org.label-schema.group: \"monitoring\"\r\n\r\n  cadvisor:\r\n    image: gcr.io/google-containers/cadvisor:v0.34.0\r\n    container_name: cadvisor\r\n    volumes:\r\n      - /:/rootfs:ro\r\n      - /var/run:/var/run:rw\r\n      - /sys:/sys:ro\r\n      - /var/lib/docker:/var/lib/docker:ro\r\n      #- /cgroup:/cgroup:ro #doesn't work on MacOS only for Linux\r\n    restart: unless-stopped\r\n    ports:\r\n      - \"8080:8080\"\r\n    networks:\r\n      - monitor-net\r\n    labels:\r\n      org.label-schema.group: \"monitoring\"\r\n\r\n  grafana:\r\n    image: grafana/grafana:6.7.2\r\n    container_name: grafana\r\n    volumes:\r\n      - grafana_data:/var/lib/grafana\r\n      - ./grafana/provisioning:/etc/grafana/provisioning\r\n    environment:\r\n      - GF_SECURITY_ADMIN_USER=admin\r\n      - GF_SECURITY_ADMIN_PASSWORD=admin\r\n      - GF_USERS_ALLOW_SIGN_UP=false\r\n    restart: unless-stopped\r\n    ports:\r\n      - \"3000:3000\"\r\n    networks:\r\n      - monitor-net\r\n    labels:\r\n      org.label-schema.group: \"monitoring\"\r\n\r\n  pushgateway:\r\n    image: prom/pushgateway:v1.2.0\r\n    container_name: pushgateway\r\n    restart: unless-stopped\r\n    ports:\r\n      - \"9091:9091\"\r\n    networks:\r\n      - monitor-net\r\n    labels:\r\n      org.label-schema.group: \"monitoring\"\r\n\r\n  caddy:\r\n    image: stefanprodan/caddy\r\n    container_name: caddy\r\n    ports:\r\n      - \"3000:3000\"\r\n      - \"9090:9090\"\r\n      - \"9093:9093\"\r\n      - \"9091:9091\"\r\n    volumes:\r\n      - ./caddy:/etc/caddy\r\n    environment:\r\n      - ADMIN_USER=admin\r\n      - ADMIN_PASSWORD=admin\r\n    restart: unless-stopped\r\n    networks:\r\n      - monitor-net\r\n    labels:\r\n      org.label-schema.group: \"monitoring\" \r\n\r\nEOF\r\n\r\nsudo apt -y install apt-transport-https ca-certificates curl software-properties-common\r\ncurl -fsSL https://download.docker.com/linux/ubuntu/gpg | sudo apt-key add -\r\nsudo add-apt-repository 'deb [arch=amd64] https://download.docker.com/linux/ubuntu bionic stable'\r\nsudo apt -y update\r\nsudo apt -y install docker-ce\r\n\r\nsleep 5 \r\ndate \r\n\r\nsudo apt -y install docker-compose\r\n\r\nsleep 3 \r\n\r\ncd /home/ubuntu/\r\n\r\nsudo git clone  https://github.com/Einsteinish/Docker-Compose-Prometheus-and-Grafana.git\r\ncd Docker-Compose-Prometheus-and-Grafana\r\nsudo cp /home/ubuntu/prometheus-compose.yml /home/ubuntu/Docker-Compose-Prometheus-and-Grafana/docker-compose.yml\r\nsudo docker-compose up -d\r\n\r\n\r\ncd /home/ubuntu/\r\nnode_exporter_version=0.18.0\r\nwget https://github.com/prometheus/node_exporter/releases/download/v$node_exporter_version/node_exporter-$node_exporter_version.linux-amd64.tar.gz\r\ntar xvfz node_exporter-$node_exporter_version.linux-amd64.tar.gz\r\ncd  node_exporter-$node_exporter_version.linux-amd64\r\nnohup ./node_exporter \u003e\u003e ./node_exporter.log \u0026",
            "template": "#!/bin/bash\r\nexec \u003e /home/ubuntu/logfile.log    2\u003e\u00261\r\ndate\r\nsudo apt-get update\r\nsudo apt-get upgrade -y\r\n\r\ncat \u003c\u003c 'EOF' \u003e /home/ubuntu/prometheus-compose.yml\r\nversion: '2.1'\r\n\r\nnetworks:\r\n  monitor-net:\r\n    driver: bridge\r\n\r\nvolumes:\r\n    prometheus_data: {}\r\n    grafana_data: {}\r\n\r\nservices:\r\n\r\n  prometheus:\r\n    image: prom/prometheus:v2.17.1\r\n    container_name: prometheus\r\n    volumes:\r\n      - ./prometheus:/etc/prometheus\r\n      - prometheus_data:/prometheus\r\n    command:\r\n      - '--config.file=/etc/prometheus/prometheus.yml'\r\n      - '--storage.tsdb.path=/prometheus'\r\n      - '--web.console.libraries=/etc/prometheus/console_libraries'\r\n      - '--web.console.templates=/etc/prometheus/consoles'\r\n      - '--storage.tsdb.retention.time=200h'\r\n      - '--web.enable-lifecycle'\r\n    restart: unless-stopped\r\n    ports:\r\n      - \"9090:9090\"\r\n    networks:\r\n      - monitor-net\r\n    labels:\r\n      org.label-schema.group: \"monitoring\"\r\n\r\n  alertmanager:\r\n    image: prom/alertmanager:v0.20.0\r\n    container_name: alertmanager\r\n    volumes:\r\n      - ./alertmanager:/etc/alertmanager\r\n    command:\r\n      - '--config.file=/etc/alertmanager/config.yml'\r\n      - '--storage.path=/alertmanager'\r\n    restart: unless-stopped\r\n    ports:\r\n      - \"9093:9093\"\r\n    networks:\r\n      - monitor-net\r\n    labels:\r\n      org.label-schema.group: \"monitoring\"\r\n\r\n  nodeexporter:\r\n    image: prom/node-exporter:v0.18.1\r\n    container_name: nodeexporter\r\n    volumes:\r\n      - /proc:/host/proc:ro\r\n      - /sys:/host/sys:ro\r\n      - /:/rootfs:ro\r\n    command:\r\n      - '--path.procfs=/host/proc'\r\n      - '--path.rootfs=/rootfs'\r\n      - '--path.sysfs=/host/sys'\r\n      - '--collector.filesystem.ignored-mount-points=^/(sys|proc|dev|host|etc)($$|/)'\r\n    restart: unless-stopped\r\n    ports:\r\n      - \"9100:9100\"\r\n    networks:\r\n      - monitor-net\r\n    labels:\r\n      org.label-schema.group: \"monitoring\"\r\n\r\n  cadvisor:\r\n    image: gcr.io/google-containers/cadvisor:v0.34.0\r\n    container_name: cadvisor\r\n    volumes:\r\n      - /:/rootfs:ro\r\n      - /var/run:/var/run:rw\r\n      - /sys:/sys:ro\r\n      - /var/lib/docker:/var/lib/docker:ro\r\n      #- /cgroup:/cgroup:ro #doesn't work on MacOS only for Linux\r\n    restart: unless-stopped\r\n    ports:\r\n      - \"8080:8080\"\r\n    networks:\r\n      - monitor-net\r\n    labels:\r\n      org.label-schema.group: \"monitoring\"\r\n\r\n  grafana:\r\n    image: grafana/grafana:6.7.2\r\n    container_name: grafana\r\n    volumes:\r\n      - grafana_data:/var/lib/grafana\r\n      - ./grafana/provisioning:/etc/grafana/provisioning\r\n    environment:\r\n      - GF_SECURITY_ADMIN_USER=admin\r\n      - GF_SECURITY_ADMIN_PASSWORD=admin\r\n      - GF_USERS_ALLOW_SIGN_UP=false\r\n    restart: unless-stopped\r\n    ports:\r\n      - \"3000:3000\"\r\n    networks:\r\n      - monitor-net\r\n    labels:\r\n      org.label-schema.group: \"monitoring\"\r\n\r\n  pushgateway:\r\n    image: prom/pushgateway:v1.2.0\r\n    container_name: pushgateway\r\n    restart: unless-stopped\r\n    ports:\r\n      - \"9091:9091\"\r\n    networks:\r\n      - monitor-net\r\n    labels:\r\n      org.label-schema.group: \"monitoring\"\r\n\r\n  caddy:\r\n    image: stefanprodan/caddy\r\n    container_name: caddy\r\n    ports:\r\n      - \"3000:3000\"\r\n      - \"9090:9090\"\r\n      - \"9093:9093\"\r\n      - \"9091:9091\"\r\n    volumes:\r\n      - ./caddy:/etc/caddy\r\n    environment:\r\n      - ADMIN_USER=admin\r\n      - ADMIN_PASSWORD=admin\r\n    restart: unless-stopped\r\n    networks:\r\n      - monitor-net\r\n    labels:\r\n      org.label-schema.group: \"monitoring\" \r\n\r\nEOF\r\n\r\nsudo apt -y install apt-transport-https ca-certificates curl software-properties-common\r\ncurl -fsSL https://download.docker.com/linux/ubuntu/gpg | sudo apt-key add -\r\nsudo add-apt-repository 'deb [arch=amd64] https://download.docker.com/linux/ubuntu bionic stable'\r\nsudo apt -y update\r\nsudo apt -y install docker-ce\r\n\r\nsleep 5 \r\ndate \r\n\r\nsudo apt -y install docker-compose\r\n\r\nsleep 3 \r\n\r\ncd /home/ubuntu/\r\n\r\nsudo git clone  https://github.com/Einsteinish/Docker-Compose-Prometheus-and-Grafana.git\r\ncd Docker-Compose-Prometheus-and-Grafana\r\nsudo cp /home/ubuntu/prometheus-compose.yml /home/ubuntu/Docker-Compose-Prometheus-and-Grafana/docker-compose.yml\r\nsudo docker-compose up -d\r\n\r\n\r\ncd /home/ubuntu/\r\nnode_exporter_version=0.18.0\r\nwget https://github.com/prometheus/node_exporter/releases/download/v$node_exporter_version/node_exporter-$node_exporter_version.linux-amd64.tar.gz\r\ntar xvfz node_exporter-$node_exporter_version.linux-amd64.tar.gz\r\ncd  node_exporter-$node_exporter_version.linux-amd64\r\nnohup ./node_exporter \u003e\u003e ./node_exporter.log \u0026",
            "vars": null
          },
          "sensitive_attributes": []
        }
      ]
    },
    {
      "mode": "managed",
      "type": "aws_iam_instance_profile",
      "name": "prometheus_profile",
      "provider": "provider[\"registry.terraform.io/hashicorp/aws\"]",
      "instances": [
        {
          "schema_version": 0,
          "attributes": {
            "arn": "arn:aws:iam::446560830204:instance-profile/prometheus_profile",
            "create_date": "2021-03-14T10:47:04Z",
            "id": "prometheus_profile",
            "name": "prometheus_profile",
            "name_prefix": null,
            "path": "/",
            "role": "prometheus",
            "unique_id": "AIPAWP6IZQL6EDQVHLZLI"
          },
          "sensitive_attributes": [],
          "private": "bnVsbA==",
          "dependencies": [
            "aws_iam_role.prometheus_role"
          ]
        }
      ]
    },
    {
      "mode": "managed",
      "type": "aws_iam_policy",
      "name": "ec2_access_permission",
      "provider": "provider[\"registry.terraform.io/hashicorp/aws\"]",
      "instances": [
        {
          "schema_version": 0,
          "attributes": {
            "arn": "arn:aws:iam::446560830204:policy/ec2-access-permission",
            "description": "This to allow full access to ec2",
            "id": "arn:aws:iam::446560830204:policy/ec2-access-permission",
            "name": "ec2-access-permission",
            "name_prefix": null,
            "path": "/",
            "policy": "{\r\n     \"Version\": \"2012-10-17\",\r\n    \"Statement\": [\r\n        {\r\n            \"Sid\": \"VisualEditor0\",\r\n            \"Effect\": \"Allow\",\r\n            \"Action\": \"*\",\r\n            \"Resource\": \"*\"\r\n    }\r\n  ]\r\n}\r\n"
          },
          "sensitive_attributes": [],
          "private": "bnVsbA=="
        }
      ]
    },
    {
      "mode": "managed",
      "type": "aws_iam_role",
      "name": "prometheus_role",
      "provider": "provider[\"registry.terraform.io/hashicorp/aws\"]",
      "instances": [
        {
          "schema_version": 0,
          "attributes": {
            "arn": "arn:aws:iam::446560830204:role/prometheus",
            "assume_role_policy": "{\"Version\":\"2012-10-17\",\"Statement\":[{\"Sid\":\"\",\"Effect\":\"Allow\",\"Principal\":{\"Service\":\"ec2.amazonaws.com\"},\"Action\":\"sts:AssumeRole\"}]}",
            "create_date": "2021-03-14T10:47:01Z",
            "description": "",
            "force_detach_policies": false,
            "id": "prometheus",
            "inline_policy": [
              {
                "name": "",
                "policy": ""
              }
            ],
            "managed_policy_arns": [],
            "max_session_duration": 3600,
            "name": "prometheus",
            "name_prefix": null,
            "path": "/",
            "permissions_boundary": null,
            "tags": null,
            "unique_id": "AROAWP6IZQL6MCRMIHUML"
          },
          "sensitive_attributes": [],
          "private": "bnVsbA=="
        }
      ]
    },
    {
      "mode": "managed",
      "type": "aws_iam_role_policy_attachment",
      "name": "this_ec2_policy_attachment",
      "provider": "provider[\"registry.terraform.io/hashicorp/aws\"]",
      "instances": [
        {
          "schema_version": 0,
          "attributes": {
            "id": "prometheus-20210314104704476100000001",
            "policy_arn": "arn:aws:iam::446560830204:policy/ec2-access-permission",
            "role": "prometheus"
          },
          "sensitive_attributes": [],
          "private": "bnVsbA==",
          "dependencies": [
            "aws_iam_policy.ec2_access_permission",
            "aws_iam_role.prometheus_role"
          ]
        }
      ]
    },
    {
      "mode": "managed",
      "type": "aws_instance",
      "name": "prometheus_instance",
      "provider": "provider[\"registry.terraform.io/hashicorp/aws\"]",
      "instances": [
        {
          "schema_version": 1,
          "attributes": {
            "ami": "ami-042e8287309f5df03",
            "arn": "arn:aws:ec2:us-east-1:446560830204:instance/i-0b2db4fdb151aad85",
            "associate_public_ip_address": true,
            "availability_zone": "us-east-1a",
            "cpu_core_count": 2,
            "cpu_threads_per_core": 1,
            "credit_specification": [
              {
                "cpu_credits": "standard"
              }
            ],
            "disable_api_termination": false,
            "ebs_block_device": [],
            "ebs_optimized": false,
            "enclave_options": [
              {
                "enabled": false
              }
            ],
            "ephemeral_block_device": [],
            "get_password_data": false,
            "hibernation": false,
            "host_id": null,
            "iam_instance_profile": "prometheus_profile",
            "id": "i-0b2db4fdb151aad85",
            "instance_initiated_shutdown_behavior": null,
            "instance_state": "running",
            "instance_type": "t2.medium",
            "ipv6_address_count": 0,
            "ipv6_addresses": [],
            "key_name": "prometheus_aws_rsa",
            "metadata_options": [
              {
                "http_endpoint": "enabled",
                "http_put_response_hop_limit": 1,
                "http_tokens": "optional"
              }
            ],
            "monitoring": false,
            "network_interface": [],
            "outpost_arn": "",
            "password_data": "",
            "placement_group": "",
            "primary_network_interface_id": "eni-099429873926af186",
            "private_dns": "ip-11-0-1-175.ec2.internal",
            "private_ip": "11.0.1.175",
            "public_dns": "ec2-34-205-85-23.compute-1.amazonaws.com",
            "public_ip": "34.205.85.23",
            "root_block_device": [
              {
                "delete_on_termination": true,
                "device_name": "/dev/sda1",
                "encrypted": false,
                "iops": 100,
                "kms_key_id": "",
                "tags": {},
                "throughput": 0,
                "volume_id": "vol-09c78d4f1bffb133b",
                "volume_size": 8,
                "volume_type": "gp2"
              }
            ],
            "secondary_private_ips": [],
            "security_groups": [],
            "source_dest_check": true,
            "subnet_id": "subnet-0e275c84ff6ff2ab0",
            "tags": {
              "Environment": "Prod",
              "Name": "Promethus_Server_instance"
            },
            "tenancy": "default",
            "timeouts": null,
            "user_data": "8c3aaaf28d3f8bc2d43987a3fd5ad74416375dde",
            "user_data_base64": null,
            "volume_tags": null,
            "vpc_security_group_ids": [
              "sg-05e2f10ee4b6f7696"
            ]
          },
          "sensitive_attributes": [],
          "private": "eyJlMmJmYjczMC1lY2FhLTExZTYtOGY4OC0zNDM2M2JjN2M0YzAiOnsiY3JlYXRlIjo2MDAwMDAwMDAwMDAsImRlbGV0ZSI6MTIwMDAwMDAwMDAwMCwidXBkYXRlIjo2MDAwMDAwMDAwMDB9LCJzY2hlbWFfdmVyc2lvbiI6IjEifQ==",
          "dependencies": [
            "aws_iam_instance_profile.prometheus_profile",
            "aws_iam_role.prometheus_role",
            "aws_key_pair.prometheus_key_pair",
            "aws_security_group.prometheus_security_group",
            "aws_subnet.prometheus_subnet",
            "aws_vpc.prometheus_vpc",
            "data.template_file.script"
          ]
        }
      ]
    },
    {
      "mode": "managed",
      "type": "aws_internet_gateway",
      "name": "prometheus_ig",
      "provider": "provider[\"registry.terraform.io/hashicorp/aws\"]",
      "instances": [
        {
          "schema_version": 0,
          "attributes": {
            "arn": "arn:aws:ec2:us-east-1:446560830204:internet-gateway/igw-0844dab6b9d3434e5",
            "id": "igw-0844dab6b9d3434e5",
            "owner_id": "446560830204",
            "tags": {
              "Environment": "Prod",
              "Name": "Promethus_Server_ig"
            },
            "vpc_id": "vpc-0731ff7e592cc7c7a"
          },
          "sensitive_attributes": [],
          "private": "bnVsbA==",
          "dependencies": [
            "aws_vpc.prometheus_vpc"
          ]
        }
      ]
    },
    {
      "mode": "managed",
      "type": "aws_key_pair",
      "name": "prometheus_key_pair",
      "provider": "provider[\"registry.terraform.io/hashicorp/aws\"]",
      "instances": [
        {
          "schema_version": 1,
          "attributes": {
            "arn": "arn:aws:ec2:us-east-1:446560830204:key-pair/prometheus_aws_rsa",
            "fingerprint": "d6:b7:5d:12:36:9b:44:b8:61:43:64:07:21:a7:f7:ad",
            "id": "prometheus_aws_rsa",
            "key_name": "prometheus_aws_rsa",
            "key_name_prefix": null,
            "key_pair_id": "key-083caf9dd8b60bc20",
            "public_key": "ssh-rsa AAAAB3NzaC1yc2EAAAADAQABAAABAQDFbjVhLZ+VTjDjKJn5rBB1gtMckdWvvyMAcTMlkKIPeu/e/s6gWlZm249PE2IITR0WMWxn+3AVS8Rr3Zj2bNxW1BCTCsafyxNoSO0APLsX8TU40e9s9XjJ1EzckONbPUo12gIoEOGV91NQZydf+Qk91KcgllvOqMNnSR/liYwiKw7Tos+M9AJQEgVUTZ506OJjL4yOR7i7154Mru3atS1k2rO/mIdPPTBhD5Ezpdot+T6+mrdbZmKYqKVjFTLbIjk5oYwV0/3q/543NoZ77myfptNq0vkCbJwwssymEB8zNgQlg4+uLPCccoUNHp+1S6nq9/pM//UrYOOdbPBoUa// Amr@DESKTOP-EV4QC5K",
            "tags": null
          },
          "sensitive_attributes": [],
          "private": "eyJzY2hlbWFfdmVyc2lvbiI6IjEifQ=="
        }
      ]
    },
    {
      "mode": "managed",
      "type": "aws_route",
      "name": "prometheus_internet_access",
      "provider": "provider[\"registry.terraform.io/hashicorp/aws\"]",
      "instances": [
        {
          "schema_version": 0,
          "attributes": {
            "destination_cidr_block": "0.0.0.0/0",
            "destination_ipv6_cidr_block": "",
            "destination_prefix_list_id": "",
            "egress_only_gateway_id": "",
            "gateway_id": "igw-0844dab6b9d3434e5",
            "id": "r-rtb-06d919e4bc112c0f41080289494",
            "instance_id": "",
            "instance_owner_id": "",
            "local_gateway_id": "",
            "nat_gateway_id": "",
            "network_interface_id": "",
            "origin": "CreateRoute",
            "route_table_id": "rtb-06d919e4bc112c0f4",
            "state": "active",
            "timeouts": null,
            "transit_gateway_id": "",
            "vpc_endpoint_id": null,
            "vpc_peering_connection_id": ""
          },
          "sensitive_attributes": [],
          "private": "eyJlMmJmYjczMC1lY2FhLTExZTYtOGY4OC0zNDM2M2JjN2M0YzAiOnsiY3JlYXRlIjoxMjAwMDAwMDAwMDAsImRlbGV0ZSI6MzAwMDAwMDAwMDAwfX0=",
          "dependencies": [
            "aws_internet_gateway.prometheus_ig",
            "aws_vpc.prometheus_vpc"
          ]
        }
      ]
    },
    {
      "mode": "managed",
      "type": "aws_route_table",
      "name": "prometheus_route_table",
      "provider": "provider[\"registry.terraform.io/hashicorp/aws\"]",
      "instances": [
        {
          "schema_version": 0,
          "attributes": {
            "id": "rtb-0be5a5434232c870e",
            "owner_id": "446560830204",
            "propagating_vgws": [],
            "route": [
              {
                "cidr_block": "0.0.0.0/0",
                "egress_only_gateway_id": "",
                "gateway_id": "igw-0844dab6b9d3434e5",
                "instance_id": "",
                "ipv6_cidr_block": "",
                "local_gateway_id": "",
                "nat_gateway_id": "",
                "network_interface_id": "",
                "transit_gateway_id": "",
                "vpc_endpoint_id": "",
                "vpc_peering_connection_id": ""
              }
            ],
            "tags": {
              "Environment": "Prod",
              "Name": "Promethus_Server_route_table"
            },
            "vpc_id": "vpc-0731ff7e592cc7c7a"
          },
          "sensitive_attributes": [],
          "private": "bnVsbA==",
          "dependencies": [
            "aws_internet_gateway.prometheus_ig",
            "aws_vpc.prometheus_vpc"
          ]
        }
      ]
    },
    {
      "mode": "managed",
      "type": "aws_route_table_association",
      "name": "prometheus_route_table_association",
      "provider": "provider[\"registry.terraform.io/hashicorp/aws\"]",
      "instances": [
        {
          "schema_version": 0,
          "attributes": {
            "gateway_id": null,
            "id": "rtbassoc-04d6eb0a617d07838",
            "route_table_id": "rtb-0be5a5434232c870e",
            "subnet_id": "subnet-0e275c84ff6ff2ab0"
          },
          "sensitive_attributes": [],
          "private": "bnVsbA==",
          "dependencies": [
            "aws_internet_gateway.prometheus_ig",
            "aws_route_table.prometheus_route_table",
            "aws_subnet.prometheus_subnet",
            "aws_vpc.prometheus_vpc"
          ]
        }
      ]
    },
    {
      "mode": "managed",
      "type": "aws_security_group",
      "name": "prometheus_security_group",
      "provider": "provider[\"registry.terraform.io/hashicorp/aws\"]",
      "instances": [
        {
          "schema_version": 1,
          "attributes": {
            "arn": "arn:aws:ec2:us-east-1:446560830204:security-group/sg-05e2f10ee4b6f7696",
            "description": "Ingress to access internal containers",
            "egress": [
              {
                "cidr_blocks": [
                  "0.0.0.0/0"
                ],
                "description": "",
                "from_port": 0,
                "ipv6_cidr_blocks": [],
                "prefix_list_ids": [],
                "protocol": "-1",
                "security_groups": [],
                "self": false,
                "to_port": 0
              }
            ],
            "id": "sg-05e2f10ee4b6f7696",
            "ingress": [
              {
                "cidr_blocks": [
                  "0.0.0.0/0"
                ],
                "description": "",
                "from_port": 22,
                "ipv6_cidr_blocks": [],
                "prefix_list_ids": [],
                "protocol": "tcp",
                "security_groups": [],
                "self": false,
                "to_port": 22
              },
              {
                "cidr_blocks": [
                  "0.0.0.0/0"
                ],
                "description": "",
                "from_port": 3000,
                "ipv6_cidr_blocks": [],
                "prefix_list_ids": [],
                "protocol": "tcp",
                "security_groups": [],
                "self": false,
                "to_port": 3000
              },
              {
                "cidr_blocks": [
                  "0.0.0.0/0"
                ],
                "description": "",
                "from_port": 8080,
                "ipv6_cidr_blocks": [],
                "prefix_list_ids": [],
                "protocol": "tcp",
                "security_groups": [],
                "self": false,
                "to_port": 8080
              },
              {
                "cidr_blocks": [
                  "0.0.0.0/0"
                ],
                "description": "",
                "from_port": 9090,
                "ipv6_cidr_blocks": [],
                "prefix_list_ids": [],
                "protocol": "tcp",
                "security_groups": [],
                "self": false,
                "to_port": 9090
              },
              {
                "cidr_blocks": [
                  "0.0.0.0/0"
                ],
                "description": "",
                "from_port": 9091,
                "ipv6_cidr_blocks": [],
                "prefix_list_ids": [],
                "protocol": "tcp",
                "security_groups": [],
                "self": false,
                "to_port": 9091
              },
              {
                "cidr_blocks": [
                  "0.0.0.0/0"
                ],
                "description": "",
                "from_port": 9093,
                "ipv6_cidr_blocks": [],
                "prefix_list_ids": [],
                "protocol": "tcp",
                "security_groups": [],
                "self": false,
                "to_port": 9093
              },
              {
                "cidr_blocks": [
                  "0.0.0.0/0"
                ],
                "description": "",
                "from_port": 9100,
                "ipv6_cidr_blocks": [],
                "prefix_list_ids": [],
                "protocol": "tcp",
                "security_groups": [],
                "self": false,
                "to_port": 9100
              }
            ],
            "name": "terraform-20210314104720051900000002",
            "name_prefix": "terraform-",
            "owner_id": "446560830204",
            "revoke_rules_on_delete": false,
            "tags": {
              "Environment": "Prod",
              "Name": "Promethus_Server_sg"
            },
            "timeouts": null,
            "vpc_id": "vpc-0731ff7e592cc7c7a"
          },
          "sensitive_attributes": [],
          "private": "eyJlMmJmYjczMC1lY2FhLTExZTYtOGY4OC0zNDM2M2JjN2M0YzAiOnsiY3JlYXRlIjo2MDAwMDAwMDAwMDAsImRlbGV0ZSI6NjAwMDAwMDAwMDAwfSwic2NoZW1hX3ZlcnNpb24iOiIxIn0=",
          "dependencies": [
            "aws_vpc.prometheus_vpc"
          ]
        }
      ]
    },
    {
      "mode": "managed",
      "type": "aws_subnet",
      "name": "prometheus_subnet",
      "provider": "provider[\"registry.terraform.io/hashicorp/aws\"]",
      "instances": [
        {
          "schema_version": 1,
          "attributes": {
            "arn": "arn:aws:ec2:us-east-1:446560830204:subnet/subnet-0e275c84ff6ff2ab0",
            "assign_ipv6_address_on_creation": false,
            "availability_zone": "us-east-1a",
            "availability_zone_id": "use1-az1",
            "cidr_block": "11.0.1.0/24",
            "customer_owned_ipv4_pool": "",
            "id": "subnet-0e275c84ff6ff2ab0",
            "ipv6_cidr_block": "",
            "ipv6_cidr_block_association_id": "",
            "map_customer_owned_ip_on_launch": false,
            "map_public_ip_on_launch": true,
            "outpost_arn": "",
            "owner_id": "446560830204",
            "tags": {
              "Environment": "Prod",
              "Name": "Promethus_Server_subnet"
            },
            "timeouts": null,
            "vpc_id": "vpc-0731ff7e592cc7c7a"
          },
          "sensitive_attributes": [],
          "private": "eyJlMmJmYjczMC1lY2FhLTExZTYtOGY4OC0zNDM2M2JjN2M0YzAiOnsiY3JlYXRlIjo2MDAwMDAwMDAwMDAsImRlbGV0ZSI6MTIwMDAwMDAwMDAwMH0sInNjaGVtYV92ZXJzaW9uIjoiMSJ9",
          "dependencies": [
            "aws_vpc.prometheus_vpc"
          ]
        }
      ]
    },
    {
      "mode": "managed",
      "type": "aws_vpc",
      "name": "prometheus_vpc",
      "provider": "provider[\"registry.terraform.io/hashicorp/aws\"]",
      "instances": [
        {
          "schema_version": 1,
          "attributes": {
            "arn": "arn:aws:ec2:us-east-1:446560830204:vpc/vpc-0731ff7e592cc7c7a",
            "assign_generated_ipv6_cidr_block": false,
            "cidr_block": "11.0.0.0/16",
            "default_network_acl_id": "acl-03e96f7983e98c125",
            "default_route_table_id": "rtb-06d919e4bc112c0f4",
            "default_security_group_id": "sg-03aa4c2bc4aaea668",
            "dhcp_options_id": "dopt-25f8ea47",
            "enable_classiclink": false,
            "enable_classiclink_dns_support": false,
            "enable_dns_hostnames": true,
            "enable_dns_support": true,
            "id": "vpc-0731ff7e592cc7c7a",
            "instance_tenancy": "default",
            "ipv6_association_id": "",
            "ipv6_cidr_block": "",
            "main_route_table_id": "rtb-06d919e4bc112c0f4",
            "owner_id": "446560830204",
            "tags": {
              "Environment": "Prod",
              "Name": "Promethus_Server_vpc"
            }
          },
          "sensitive_attributes": [],
          "private": "eyJzY2hlbWFfdmVyc2lvbiI6IjEifQ=="
        }
      ]
    }
  ]
}
